<Solution>
  <Configurations>
    <Platform Name="Any CPU" />
    <Platform Name="x86" />
  </Configurations>
  <Folder Name="/Dependence/">
    <Project Path="src/BedrockBoot.Chunker/BedrockBoot.Chunker.csproj" />
    <Project Path="src/BedrockBoot.Dependence/BedrockBoot.Dependence.csproj" />
    <Project Path="src/BedrockBoot.Inject/BedrockBoot.Inject.csproj" />
    <Project Path="src/BedrockBoot.LevelNbt/BedrockBoot.LevelNbt.csproj" />
    <Project Path="src/BedrockBoot.LeviLamina/BedrockBoot.LeviLamina.csproj" />
    <Project Path="src/BedrockBoot.Netease/BedrockBoot.Netease.csproj" />
    <Project Path="src/BedrockBoot.WatchDog/BedrockBoot.WatchDog.csproj" />
    <Project Path="src/PreLoadCpp/src/PreloadCpp.vcxproj" Id="bfdc1f1a-af77-47c7-897e-673ead85364d">
      <Platform Project="Win32" />
    </Project>
  </Folder>
  <Folder Name="/Dependence/BedrockMapRender/">
    <Project Path="src/BedrockMapRender/BedrockLevelDB/BedrockLevelDB.csproj" />
    <Project Path="src/BedrockMapRender/BedrockRender.Avalonia.Demo/BedrockRender.Avalonia.Demo.csproj" />
    <Project Path="src/BedrockMapRender/BedrockRender.Avalonia/BedrockRender.Avalonia.csproj" />
    <Project Path="src/BedrockMapRender/BedrockRender.Console/BedrockRender.Console.csproj" />
    <Project Path="src/BedrockMapRender/BedrockRender/BedrockRender.csproj" />
    <Project Path="src/BedrockMapRender/BedrockWorld/BedrockWorld.csproj" />
  </Folder>
  <Folder Name="/Dependence/Core/">
    <Project Path="src/BedrockBoot.Linux/BedrockBoot.Linux.csproj" />
    <Project Path="src/BedrockBoot.Windows/BedrockBoot.Windows.csproj" />
  </Folder>
  <Folder Name="/Dependence/CrashStackAnalyzer/">
    <Project Path="src/CrashStackAnalyzer/CrashStackAnalyzer.Console/CrashStackAnalyzer.Console.csproj" />
    <Project Path="src/CrashStackAnalyzer/CrashStackAnalyzer/CrashStackAnalyzer.csproj" />
  </Folder>
  <Folder Name="/Dependence/Linux/">
    <Project Path="src/BedrockBoot.Proton/BedrockBoot.Proton.csproj" />
  </Folder>
  <Folder Name="/Dependence/LiteSkinViewer/">
    <Project Path="src/LiteSkinViewer/LiteSkinViewer.2D.Simple/LiteSkinViewer.2D.Simple.csproj" />
    <Project Path="src/LiteSkinViewer/LiteSkinViewer.2D/LiteSkinViewer.2D.csproj" />
    <Project Path="src/LiteSkinViewer/LiteSkinViewer.3D.Simple/LiteSkinViewer.3D.Simple.csproj" />
    <Project Path="src/LiteSkinViewer/LiteSkinViewer.3D/LiteSkinViewer.3D.csproj" />
    <Project Path="src/LiteSkinViewer/LiteSkinViewer.Shared/LiteSkinViewer.Shared.csproj" />
  </Folder>
  <Folder Name="/Dependence/MapRender/">
    <Project Path="src/MapRender/src/BedrockLevel/BedrockLevel.csproj" />
    <Project Path="src/MapRender/src/BedrockRender.Controls/BedrockRender.Controls.csproj" />
    <Project Path="src/MapRender/src/BedrockRender.Demo/BedrockRender.Demo.csproj" />
    <Project Path="src/MapRender/src/BedrockRender/BedrockRender.csproj" />
  </Folder>
  <Folder Name="/Dependence/OnePointUI.Avalonia/">
    <Project Path="src/OnePointUI.Avalonia/src/OnePointUI.Avalonia.Test/OnePointUI.Avalonia.Test.csproj" />
    <Project Path="src/OnePointUI.Avalonia/src/OnePointUI.Avalonia/OnePointUI.Avalonia.csproj" />
  </Folder>
  <Folder Name="/Dependence/OtherUtils/">
    <Project Path="src/PeNet/src/PeNet/PeNet.csproj" />
  </Folder>
  <Folder Name="/Dependence/PaperConnect/">
    <Project Path="src/PaperConnect/src/PaperConnect.Core/PaperConnect.Core.csproj" />
  </Folder>
  <Folder Name="/Dependence/ResourcePackConvert/">
    <Project Path="src/ResourcePackConvert/ResourcePackConvert.Cli/ResourcePackConvert.Cli.csproj" />
    <Project Path="src/ResourcePackConvert/ResourcePackConvert.Core/ResourcePackConvert.Core.csproj" />
  </Folder>
  <Folder Name="/Dependence/SDK/">
    <Project Path="src/Round.SDK/Round.SDK.Avalonia/Round.SDK.Avalonia.csproj" />
    <Project Path="src/Round.SDK/Round.SDK.PluginTools/Round.SDK.PluginTools.csproj" />
    <Project Path="src/Round.SDK/Round.SDK/Round.SDK.csproj" />
  </Folder>
  <Folder Name="/Dependence/Wallpaper/">
    <Project Path="src/Wallpaper.Avalonia/Wallpaper.Avalonia.csproj" />
    <Project Path="src/Wallpaper/Wallpaper.vcxproj" Id="2329001c-fb5d-4916-a8e9-776aed7354e4">
      <Platform Project="Win32" />
    </Project>
  </Folder>
  <Folder Name="/Plugin/" />
  <Folder Name="/Test/">
    <Project Path="src/BedrockBoot.Test/BedrockBoot.Test.csproj" />
  </Folder>
  <Project Path="src/BedrockBoot.Base/BedrockBoot.Base.csproj" />
  <Project Path="src/BedrockBoot.Core/BedrockBoot.Core.csproj" />
  <Project Path="src/BedrockBoot/BedrockBoot.csproj" />
</Solution>
