
Microsoft Visual Studio Solution File, Format Version 12.00
# Visual Studio Version 17
VisualStudioVersion = 17.14.36327.8 d17.14
MinimumVisualStudioVersion = 10.0.40219.1
Project("{FAE04EC0-301F-11D3-BF4B-00C04F79EFBC}") = "BedrockBoot", "src\BedrockBoot\BedrockBoot.csproj", "{29CF0DD2-A9F0-4BA2-850B-981BFCD2352A}"
EndProject
Project("{2150E333-8FDC-42A3-9474-1A3956D46DE8}") = "OnePointUI.Avalonia", "OnePointUI.Avalonia", "{36E2D5CB-0BFA-4B63-A135-636CB1DCB8E5}"
EndProject
Project("{FAE04EC0-301F-11D3-BF4B-00C04F79EFBC}") = "OnePointUI.Avalonia", "src\OnePointUI.Avalonia\src\OnePointUI.Avalonia\OnePointUI.Avalonia.csproj", "{8464E128-5D82-426B-9804-B0F1EBE7CCEF}"
EndProject
Project("{FAE04EC0-301F-11D3-BF4B-00C04F79EFBC}") = "OnePointUI.Avalonia.Test", "src\OnePointUI.Avalonia\src\OnePointUI.Avalonia.Test\OnePointUI.Avalonia.Test.csproj", "{78AE8958-4719-4A05-A6A9-34CC5536A413}"
EndProject
Project("{2150E333-8FDC-42A3-9474-1A3956D46DE8}") = "SDK", "SDK", "{65075EB2-7D7E-49AE-A4EB-C7EC31F341E3}"
EndProject
Project("{FAE04EC0-301F-11D3-BF4B-00C04F79EFBC}") = "Round.SDK", "src\Round.SDK\Round.SDK\Round.SDK.csproj", "{8985A7FB-14ED-44A2-BBD2-AE68E1E2CC29}"
EndProject
Project("{FAE04EC0-301F-11D3-BF4B-00C04F79EFBC}") = "Round.SDK.Avalonia", "src\Round.SDK\Round.SDK.Avalonia\Round.SDK.Avalonia.csproj", "{424EB186-C257-409A-8AA3-5F8C1C0162B0}"
EndProject
Project("{FAE04EC0-301F-11D3-BF4B-00C04F79EFBC}") = "Round.SDK.PluginTools", "src\Round.SDK\Round.SDK.PluginTools\Round.SDK.PluginTools.csproj", "{F282AFD6-D55B-4FDD-A9C6-B2FD8AFC9F5A}"
EndProject
Project("{FAE04EC0-301F-11D3-BF4B-00C04F79EFBC}") = "BedrockBoot.Test", "src\BedrockBoot.Test\BedrockBoot.Test.csproj", "{B6CA8710-242D-4403-8771-74A153A567FA}"
EndProject
Project("{2150E333-8FDC-42A3-9474-1A3956D46DE8}") = "Plugin", "Plugin", "{C96C046D-68F3-4063-B705-DC2A9571D43C}"
EndProject
Project("{FAE04EC0-301F-11D3-BF4B-00C04F79EFBC}") = "Plugin.ToolsBox", "src\Plugin\Plugin.ToolsBox\Plugin.ToolsBox.csproj", "{9FE7A9BD-C329-4C49-9C49-5F9B7E107745}"
EndProject
Project("{FAE04EC0-301F-11D3-BF4B-00C04F79EFBC}") = "BedrockBoot.Inject", "src\BedrockBoot.Inject\BedrockBoot.Inject.csproj", "{CB62FA2D-45C9-4CC5-BB51-8B7B782D127F}"
EndProject
Project("{2150E333-8FDC-42A3-9474-1A3956D46DE8}") = "OtherUtils", "OtherUtils", "{B10B0872-40BB-4378-94E5-AF9F8C1CB535}"
EndProject
Project("{FAE04EC0-301F-11D3-BF4B-00C04F79EFBC}") = "PeNet", "src\PeNet\src\PeNet\PeNet.csproj", "{6DFC94DF-DF7F-A36B-8F2B-885A332C9D45}"
EndProject
Project("{FAE04EC0-301F-11D3-BF4B-00C04F79EFBC}") = "BedrockBoot.LevelNbt", "src\BedrockBoot.LevelNbt\BedrockBoot.LevelNbt.csproj", "{5EFA98B1-9F69-4218-83AF-B27C47CD9E65}"
EndProject
Project("{2150E333-8FDC-42A3-9474-1A3956D46DE8}") = "Test", "Test", "{F46C84D0-DB00-4508-B064-9AB8640889C3}"
EndProject
Project("{FAE04EC0-301F-11D3-BF4B-00C04F79EFBC}") = "BedrockBoot.LeviLamina", "src\BedrockBoot.LeviLamina\BedrockBoot.LeviLamina.csproj", "{1D73F8BE-23FC-4501-BD83-568B2EE19520}"
EndProject
Project("{FAE04EC0-301F-11D3-BF4B-00C04F79EFBC}") = "BedrockBoot.Base", "src\BedrockBoot.Base\BedrockBoot.Base.csproj", "{38D0574A-A6F5-412C-A4B6-1692CDC7FCF9}"
EndProject
Project("{FAE04EC0-301F-11D3-BF4B-00C04F79EFBC}") = "BedrockBoot.Core", "src\BedrockBoot.Core\BedrockBoot.Core.csproj", "{6E6BC221-63EE-4BDF-9475-9DE3EE84C0FE}"
EndProject
Project("{2150E333-8FDC-42A3-9474-1A3956D46DE8}") = "PaperConnect", "PaperConnect", "{8ABA9466-4FA1-4D85-8F32-B81D7875D350}"
EndProject
Project("{FAE04EC0-301F-11D3-BF4B-00C04F79EFBC}") = "PaperConnect.Core", "src\PaperConnect\src\PaperConnect.Core\PaperConnect.Core.csproj", "{091DEF84-7D7D-45C2-9F87-B009D817A24B}"
EndProject
Project("{FAE04EC0-301F-11D3-BF4B-00C04F79EFBC}") = "PaperTest", "src\PaperTest\PaperTest.csproj", "{8AD437FD-BF2A-41C7-B09C-348E4B2E1E7B}"
EndProject
Global
	GlobalSection(SolutionConfigurationPlatforms) = preSolution
		Debug|Any CPU = Debug|Any CPU
		Debug|x86 = Debug|x86
		Release|Any CPU = Release|Any CPU
		Release|x86 = Release|x86
	EndGlobalSection
	GlobalSection(ProjectConfigurationPlatforms) = postSolution
		{29CF0DD2-A9F0-4BA2-850B-981BFCD2352A}.Debug|Any CPU.ActiveCfg = Debug|Any CPU
		{29CF0DD2-A9F0-4BA2-850B-981BFCD2352A}.Debug|Any CPU.Build.0 = Debug|Any CPU
		{29CF0DD2-A9F0-4BA2-850B-981BFCD2352A}.Debug|x86.ActiveCfg = Debug|x86
		{29CF0DD2-A9F0-4BA2-850B-981BFCD2352A}.Debug|x86.Build.0 = Debug|x86
		{29CF0DD2-A9F0-4BA2-850B-981BFCD2352A}.Release|Any CPU.ActiveCfg = Release|Any CPU
		{29CF0DD2-A9F0-4BA2-850B-981BFCD2352A}.Release|Any CPU.Build.0 = Release|Any CPU
		{29CF0DD2-A9F0-4BA2-850B-981BFCD2352A}.Release|x86.ActiveCfg = Release|Any CPU
		{29CF0DD2-A9F0-4BA2-850B-981BFCD2352A}.Release|x86.Build.0 = Release|Any CPU
		{8464E128-5D82-426B-9804-B0F1EBE7CCEF}.Debug|Any CPU.ActiveCfg = Debug|Any CPU
		{8464E128-5D82-426B-9804-B0F1EBE7CCEF}.Debug|Any CPU.Build.0 = Debug|Any CPU
		{8464E128-5D82-426B-9804-B0F1EBE7CCEF}.Debug|x86.ActiveCfg = Debug|x86
		{8464E128-5D82-426B-9804-B0F1EBE7CCEF}.Debug|x86.Build.0 = Debug|x86
		{8464E128-5D82-426B-9804-B0F1EBE7CCEF}.Release|Any CPU.ActiveCfg = Release|Any CPU
		{8464E128-5D82-426B-9804-B0F1EBE7CCEF}.Release|Any CPU.Build.0 = Release|Any CPU
		{8464E128-5D82-426B-9804-B0F1EBE7CCEF}.Release|x86.ActiveCfg = Release|Any CPU
		{8464E128-5D82-426B-9804-B0F1EBE7CCEF}.Release|x86.Build.0 = Release|Any CPU
		{78AE8958-4719-4A05-A6A9-34CC5536A413}.Debug|Any CPU.ActiveCfg = Debug|Any CPU
		{78AE8958-4719-4A05-A6A9-34CC5536A413}.Debug|Any CPU.Build.0 = Debug|Any CPU
		{78AE8958-4719-4A05-A6A9-34CC5536A413}.Debug|x86.ActiveCfg = Debug|x86
		{78AE8958-4719-4A05-A6A9-34CC5536A413}.Debug|x86.Build.0 = Debug|x86
		{78AE8958-4719-4A05-A6A9-34CC5536A413}.Release|Any CPU.ActiveCfg = Release|Any CPU
		{78AE8958-4719-4A05-A6A9-34CC5536A413}.Release|Any CPU.Build.0 = Release|Any CPU
		{78AE8958-4719-4A05-A6A9-34CC5536A413}.Release|x86.ActiveCfg = Release|Any CPU
		{78AE8958-4719-4A05-A6A9-34CC5536A413}.Release|x86.Build.0 = Release|Any CPU
		{8985A7FB-14ED-44A2-BBD2-AE68E1E2CC29}.Debug|Any CPU.ActiveCfg = Debug|Any CPU
		{8985A7FB-14ED-44A2-BBD2-AE68E1E2CC29}.Debug|Any CPU.Build.0 = Debug|Any CPU
		{8985A7FB-14ED-44A2-BBD2-AE68E1E2CC29}.Debug|x86.ActiveCfg = Debug|x86
		{8985A7FB-14ED-44A2-BBD2-AE68E1E2CC29}.Debug|x86.Build.0 = Debug|x86
		{8985A7FB-14ED-44A2-BBD2-AE68E1E2CC29}.Release|Any CPU.ActiveCfg = Release|Any CPU
		{8985A7FB-14ED-44A2-BBD2-AE68E1E2CC29}.Release|Any CPU.Build.0 = Release|Any CPU
		{8985A7FB-14ED-44A2-BBD2-AE68E1E2CC29}.Release|x86.ActiveCfg = Release|Any CPU
		{8985A7FB-14ED-44A2-BBD2-AE68E1E2CC29}.Release|x86.Build.0 = Release|Any CPU
		{424EB186-C257-409A-8AA3-5F8C1C0162B0}.Debug|Any CPU.ActiveCfg = Debug|Any CPU
		{424EB186-C257-409A-8AA3-5F8C1C0162B0}.Debug|Any CPU.Build.0 = Debug|Any CPU
		{424EB186-C257-409A-8AA3-5F8C1C0162B0}.Debug|x86.ActiveCfg = Debug|x86
		{424EB186-C257-409A-8AA3-5F8C1C0162B0}.Debug|x86.Build.0 = Debug|x86
		{424EB186-C257-409A-8AA3-5F8C1C0162B0}.Release|Any CPU.ActiveCfg = Release|Any CPU
		{424EB186-C257-409A-8AA3-5F8C1C0162B0}.Release|Any CPU.Build.0 = Release|Any CPU
		{424EB186-C257-409A-8AA3-5F8C1C0162B0}.Release|x86.ActiveCfg = Release|Any CPU
		{424EB186-C257-409A-8AA3-5F8C1C0162B0}.Release|x86.Build.0 = Release|Any CPU
		{F282AFD6-D55B-4FDD-A9C6-B2FD8AFC9F5A}.Debug|Any CPU.ActiveCfg = Debug|Any CPU
		{F282AFD6-D55B-4FDD-A9C6-B2FD8AFC9F5A}.Debug|Any CPU.Build.0 = Debug|Any CPU
		{F282AFD6-D55B-4FDD-A9C6-B2FD8AFC9F5A}.Debug|x86.ActiveCfg = Debug|Any CPU
		{F282AFD6-D55B-4FDD-A9C6-B2FD8AFC9F5A}.Debug|x86.Build.0 = Debug|Any CPU
		{F282AFD6-D55B-4FDD-A9C6-B2FD8AFC9F5A}.Release|Any CPU.ActiveCfg = Release|Any CPU
		{F282AFD6-D55B-4FDD-A9C6-B2FD8AFC9F5A}.Release|Any CPU.Build.0 = Release|Any CPU
		{F282AFD6-D55B-4FDD-A9C6-B2FD8AFC9F5A}.Release|x86.ActiveCfg = Release|Any CPU
		{F282AFD6-D55B-4FDD-A9C6-B2FD8AFC9F5A}.Release|x86.Build.0 = Release|Any CPU
		{B6CA8710-242D-4403-8771-74A153A567FA}.Debug|Any CPU.ActiveCfg = Debug|Any CPU
		{B6CA8710-242D-4403-8771-74A153A567FA}.Debug|Any CPU.Build.0 = Debug|Any CPU
		{B6CA8710-242D-4403-8771-74A153A567FA}.Debug|x86.ActiveCfg = Debug|Any CPU
		{B6CA8710-242D-4403-8771-74A153A567FA}.Debug|x86.Build.0 = Debug|Any CPU
		{B6CA8710-242D-4403-8771-74A153A567FA}.Release|Any CPU.ActiveCfg = Release|Any CPU
		{B6CA8710-242D-4403-8771-74A153A567FA}.Release|Any CPU.Build.0 = Release|Any CPU
		{B6CA8710-242D-4403-8771-74A153A567FA}.Release|x86.ActiveCfg = Release|Any CPU
		{B6CA8710-242D-4403-8771-74A153A567FA}.Release|x86.Build.0 = Release|Any CPU
		{9FE7A9BD-C329-4C49-9C49-5F9B7E107745}.Debug|Any CPU.ActiveCfg = Debug|Any CPU
		{9FE7A9BD-C329-4C49-9C49-5F9B7E107745}.Debug|Any CPU.Build.0 = Debug|Any CPU
		{9FE7A9BD-C329-4C49-9C49-5F9B7E107745}.Debug|x86.ActiveCfg = Debug|Any CPU
		{9FE7A9BD-C329-4C49-9C49-5F9B7E107745}.Debug|x86.Build.0 = Debug|Any CPU
		{9FE7A9BD-C329-4C49-9C49-5F9B7E107745}.Release|Any CPU.ActiveCfg = Release|Any CPU
		{9FE7A9BD-C329-4C49-9C49-5F9B7E107745}.Release|Any CPU.Build.0 = Release|Any CPU
		{9FE7A9BD-C329-4C49-9C49-5F9B7E107745}.Release|x86.ActiveCfg = Release|Any CPU
		{9FE7A9BD-C329-4C49-9C49-5F9B7E107745}.Release|x86.Build.0 = Release|Any CPU
		{CB62FA2D-45C9-4CC5-BB51-8B7B782D127F}.Debug|Any CPU.ActiveCfg = Debug|Any CPU
		{CB62FA2D-45C9-4CC5-BB51-8B7B782D127F}.Debug|Any CPU.Build.0 = Debug|Any CPU
		{CB62FA2D-45C9-4CC5-BB51-8B7B782D127F}.Debug|x86.ActiveCfg = Debug|Any CPU
		{CB62FA2D-45C9-4CC5-BB51-8B7B782D127F}.Debug|x86.Build.0 = Debug|Any CPU
		{CB62FA2D-45C9-4CC5-BB51-8B7B782D127F}.Release|Any CPU.ActiveCfg = Release|Any CPU
		{CB62FA2D-45C9-4CC5-BB51-8B7B782D127F}.Release|Any CPU.Build.0 = Release|Any CPU
		{CB62FA2D-45C9-4CC5-BB51-8B7B782D127F}.Release|x86.ActiveCfg = Release|Any CPU
		{CB62FA2D-45C9-4CC5-BB51-8B7B782D127F}.Release|x86.Build.0 = Release|Any CPU
		{6DFC94DF-DF7F-A36B-8F2B-885A332C9D45}.Debug|Any CPU.ActiveCfg = Debug|Any CPU
		{6DFC94DF-DF7F-A36B-8F2B-885A332C9D45}.Debug|Any CPU.Build.0 = Debug|Any CPU
		{6DFC94DF-DF7F-A36B-8F2B-885A332C9D45}.Debug|x86.ActiveCfg = Debug|Any CPU
		{6DFC94DF-DF7F-A36B-8F2B-885A332C9D45}.Debug|x86.Build.0 = Debug|Any CPU
		{6DFC94DF-DF7F-A36B-8F2B-885A332C9D45}.Release|Any CPU.ActiveCfg = Release|Any CPU
		{6DFC94DF-DF7F-A36B-8F2B-885A332C9D45}.Release|Any CPU.Build.0 = Release|Any CPU
		{6DFC94DF-DF7F-A36B-8F2B-885A332C9D45}.Release|x86.ActiveCfg = Release|Any CPU
		{6DFC94DF-DF7F-A36B-8F2B-885A332C9D45}.Release|x86.Build.0 = Release|Any CPU
		{5EFA98B1-9F69-4218-83AF-B27C47CD9E65}.Debug|Any CPU.ActiveCfg = Debug|Any CPU
		{5EFA98B1-9F69-4218-83AF-B27C47CD9E65}.Debug|Any CPU.Build.0 = Debug|Any CPU
		{5EFA98B1-9F69-4218-83AF-B27C47CD9E65}.Debug|x86.ActiveCfg = Debug|Any CPU
		{5EFA98B1-9F69-4218-83AF-B27C47CD9E65}.Debug|x86.Build.0 = Debug|Any CPU
		{5EFA98B1-9F69-4218-83AF-B27C47CD9E65}.Release|Any CPU.ActiveCfg = Release|Any CPU
		{5EFA98B1-9F69-4218-83AF-B27C47CD9E65}.Release|Any CPU.Build.0 = Release|Any CPU
		{5EFA98B1-9F69-4218-83AF-B27C47CD9E65}.Release|x86.ActiveCfg = Release|Any CPU
		{5EFA98B1-9F69-4218-83AF-B27C47CD9E65}.Release|x86.Build.0 = Release|Any CPU
		{1D73F8BE-23FC-4501-BD83-568B2EE19520}.Debug|Any CPU.ActiveCfg = Debug|Any CPU
		{1D73F8BE-23FC-4501-BD83-568B2EE19520}.Debug|Any CPU.Build.0 = Debug|Any CPU
		{1D73F8BE-23FC-4501-BD83-568B2EE19520}.Debug|x86.ActiveCfg = Debug|Any CPU
		{1D73F8BE-23FC-4501-BD83-568B2EE19520}.Debug|x86.Build.0 = Debug|Any CPU
		{1D73F8BE-23FC-4501-BD83-568B2EE19520}.Release|Any CPU.ActiveCfg = Release|Any CPU
		{1D73F8BE-23FC-4501-BD83-568B2EE19520}.Release|Any CPU.Build.0 = Release|Any CPU
		{1D73F8BE-23FC-4501-BD83-568B2EE19520}.Release|x86.ActiveCfg = Release|Any CPU
		{1D73F8BE-23FC-4501-BD83-568B2EE19520}.Release|x86.Build.0 = Release|Any CPU
		{38D0574A-A6F5-412C-A4B6-1692CDC7FCF9}.Debug|Any CPU.ActiveCfg = Debug|Any CPU
		{38D0574A-A6F5-412C-A4B6-1692CDC7FCF9}.Debug|Any CPU.Build.0 = Debug|Any CPU
		{38D0574A-A6F5-412C-A4B6-1692CDC7FCF9}.Debug|x86.ActiveCfg = Debug|Any CPU
		{38D0574A-A6F5-412C-A4B6-1692CDC7FCF9}.Debug|x86.Build.0 = Debug|Any CPU
		{38D0574A-A6F5-412C-A4B6-1692CDC7FCF9}.Release|Any CPU.ActiveCfg = Release|Any CPU
		{38D0574A-A6F5-412C-A4B6-1692CDC7FCF9}.Release|Any CPU.Build.0 = Release|Any CPU
		{38D0574A-A6F5-412C-A4B6-1692CDC7FCF9}.Release|x86.ActiveCfg = Release|Any CPU
		{38D0574A-A6F5-412C-A4B6-1692CDC7FCF9}.Release|x86.Build.0 = Release|Any CPU
		{6E6BC221-63EE-4BDF-9475-9DE3EE84C0FE}.Debug|Any CPU.ActiveCfg = Debug|Any CPU
		{6E6BC221-63EE-4BDF-9475-9DE3EE84C0FE}.Debug|Any CPU.Build.0 = Debug|Any CPU
		{6E6BC221-63EE-4BDF-9475-9DE3EE84C0FE}.Debug|x86.ActiveCfg = Debug|Any CPU
		{6E6BC221-63EE-4BDF-9475-9DE3EE84C0FE}.Debug|x86.Build.0 = Debug|Any CPU
		{6E6BC221-63EE-4BDF-9475-9DE3EE84C0FE}.Release|Any CPU.ActiveCfg = Release|Any CPU
		{6E6BC221-63EE-4BDF-9475-9DE3EE84C0FE}.Release|Any CPU.Build.0 = Release|Any CPU
		{6E6BC221-63EE-4BDF-9475-9DE3EE84C0FE}.Release|x86.ActiveCfg = Release|Any CPU
		{6E6BC221-63EE-4BDF-9475-9DE3EE84C0FE}.Release|x86.Build.0 = Release|Any CPU
		{091DEF84-7D7D-45C2-9F87-B009D817A24B}.Debug|Any CPU.ActiveCfg = Debug|Any CPU
		{091DEF84-7D7D-45C2-9F87-B009D817A24B}.Debug|Any CPU.Build.0 = Debug|Any CPU
		{091DEF84-7D7D-45C2-9F87-B009D817A24B}.Debug|x86.ActiveCfg = Debug|Any CPU
		{091DEF84-7D7D-45C2-9F87-B009D817A24B}.Debug|x86.Build.0 = Debug|Any CPU
		{091DEF84-7D7D-45C2-9F87-B009D817A24B}.Release|Any CPU.ActiveCfg = Release|Any CPU
		{091DEF84-7D7D-45C2-9F87-B009D817A24B}.Release|Any CPU.Build.0 = Release|Any CPU
		{091DEF84-7D7D-45C2-9F87-B009D817A24B}.Release|x86.ActiveCfg = Release|Any CPU
		{091DEF84-7D7D-45C2-9F87-B009D817A24B}.Release|x86.Build.0 = Release|Any CPU
		{8AD437FD-BF2A-41C7-B09C-348E4B2E1E7B}.Debug|Any CPU.ActiveCfg = Debug|Any CPU
		{8AD437FD-BF2A-41C7-B09C-348E4B2E1E7B}.Debug|Any CPU.Build.0 = Debug|Any CPU
		{8AD437FD-BF2A-41C7-B09C-348E4B2E1E7B}.Debug|x86.ActiveCfg = Debug|Any CPU
		{8AD437FD-BF2A-41C7-B09C-348E4B2E1E7B}.Debug|x86.Build.0 = Debug|Any CPU
		{8AD437FD-BF2A-41C7-B09C-348E4B2E1E7B}.Release|Any CPU.ActiveCfg = Release|Any CPU
		{8AD437FD-BF2A-41C7-B09C-348E4B2E1E7B}.Release|Any CPU.Build.0 = Release|Any CPU
		{8AD437FD-BF2A-41C7-B09C-348E4B2E1E7B}.Release|x86.ActiveCfg = Release|Any CPU
		{8AD437FD-BF2A-41C7-B09C-348E4B2E1E7B}.Release|x86.Build.0 = Release|Any CPU
	EndGlobalSection
	GlobalSection(SolutionProperties) = preSolution
		HideSolutionNode = FALSE
	EndGlobalSection
	GlobalSection(NestedProjects) = preSolution
		{8464E128-5D82-426B-9804-B0F1EBE7CCEF} = {36E2D5CB-0BFA-4B63-A135-636CB1DCB8E5}
		{78AE8958-4719-4A05-A6A9-34CC5536A413} = {36E2D5CB-0BFA-4B63-A135-636CB1DCB8E5}
		{8985A7FB-14ED-44A2-BBD2-AE68E1E2CC29} = {65075EB2-7D7E-49AE-A4EB-C7EC31F341E3}
		{424EB186-C257-409A-8AA3-5F8C1C0162B0} = {65075EB2-7D7E-49AE-A4EB-C7EC31F341E3}
		{F282AFD6-D55B-4FDD-A9C6-B2FD8AFC9F5A} = {65075EB2-7D7E-49AE-A4EB-C7EC31F341E3}
		{9FE7A9BD-C329-4C49-9C49-5F9B7E107745} = {C96C046D-68F3-4063-B705-DC2A9571D43C}
		{6DFC94DF-DF7F-A36B-8F2B-885A332C9D45} = {B10B0872-40BB-4378-94E5-AF9F8C1CB535}
		{B6CA8710-242D-4403-8771-74A153A567FA} = {F46C84D0-DB00-4508-B064-9AB8640889C3}
		{091DEF84-7D7D-45C2-9F87-B009D817A24B} = {8ABA9466-4FA1-4D85-8F32-B81D7875D350}
		{8AD437FD-BF2A-41C7-B09C-348E4B2E1E7B} = {F46C84D0-DB00-4508-B064-9AB8640889C3}
	EndGlobalSection
	GlobalSection(ExtensibilityGlobals) = postSolution
		SolutionGuid = {7B8E59A1-CA71-41DB-A8C9-C5D9DEEF32DA}
	EndGlobalSection
EndGlobal
