
Microsoft Visual Studio Solution File, Format Version 12.00
# Visual Studio Version 18
VisualStudioVersion = 18.0.11018.127 d18.0
MinimumVisualStudioVersion = 10.0.40219.1
Project("{FAE04EC0-301F-11D3-BF4B-00C04F79EFBC}") = "BedrockBoot", "BedrockBoot\BedrockBoot.csproj", "{AB767BB8-7139-4DC3-ABDE-58FF82D06AFF}"
EndProject
Project("{FAE04EC0-301F-11D3-BF4B-00C04F79EFBC}") = "BedrockBoot.ProcessMonitor", "BedrockBoot.ProcessMonitor\BedrockBoot.ProcessMonitor.csproj", "{34350679-FB63-4B04-BA11-BD36B3E1B090}"
EndProject
Project("{FAE04EC0-301F-11D3-BF4B-00C04F79EFBC}") = "BedrockBoot.Integration", "BedrockBoot.Integration\BedrockBoot.Integration.csproj", "{A252BF0F-6FA9-619A-3D51-BF02ADD3AF85}"
EndProject
Project("{2150E333-8FDC-42A3-9474-1A3956D46DE8}") = "TestProject", "TestProject", "{02EA681E-C7D8-13C7-8484-4AC65E1B71E8}"
EndProject
Project("{FAE04EC0-301F-11D3-BF4B-00C04F79EFBC}") = "Test.Integration", "TestProject\Test.Integration\Test.Integration.csproj", "{3E7569D2-5420-A8A1-4AB1-6A3474995EBA}"
EndProject
Project("{C7167F0D-BC9F-4E6E-AFE1-012C56B48DB5}") = "WapProj", "WapProj\WapProj.wapproj", "{CE82E2EC-3C37-438E-AF05-9FAD38466382}"
EndProject
Global
	GlobalSection(SolutionConfigurationPlatforms) = preSolution
		Debug|Any CPU = Debug|Any CPU
		Debug|ARM = Debug|ARM
		Debug|ARM64 = Debug|ARM64
		Debug|x64 = Debug|x64
		Debug|x86 = Debug|x86
		Release|Any CPU = Release|Any CPU
		Release|ARM = Release|ARM
		Release|ARM64 = Release|ARM64
		Release|x64 = Release|x64
		Release|x86 = Release|x86
	EndGlobalSection
	GlobalSection(ProjectConfigurationPlatforms) = postSolution
		{AB767BB8-7139-4DC3-ABDE-58FF82D06AFF}.Debug|Any CPU.ActiveCfg = Debug|x64
		{AB767BB8-7139-4DC3-ABDE-58FF82D06AFF}.Debug|Any CPU.Build.0 = Debug|x64
		{AB767BB8-7139-4DC3-ABDE-58FF82D06AFF}.Debug|ARM.ActiveCfg = Debug|x64
		{AB767BB8-7139-4DC3-ABDE-58FF82D06AFF}.Debug|ARM.Build.0 = Debug|x64
		{AB767BB8-7139-4DC3-ABDE-58FF82D06AFF}.Debug|ARM64.ActiveCfg = Debug|ARM64
		{AB767BB8-7139-4DC3-ABDE-58FF82D06AFF}.Debug|ARM64.Build.0 = Debug|ARM64
		{AB767BB8-7139-4DC3-ABDE-58FF82D06AFF}.Debug|ARM64.Deploy.0 = Debug|ARM64
		{AB767BB8-7139-4DC3-ABDE-58FF82D06AFF}.Debug|x64.ActiveCfg = Debug|x64
		{AB767BB8-7139-4DC3-ABDE-58FF82D06AFF}.Debug|x64.Build.0 = Debug|x64
		{AB767BB8-7139-4DC3-ABDE-58FF82D06AFF}.Debug|x64.Deploy.0 = Debug|x64
		{AB767BB8-7139-4DC3-ABDE-58FF82D06AFF}.Debug|x86.ActiveCfg = Debug|x86
		{AB767BB8-7139-4DC3-ABDE-58FF82D06AFF}.Debug|x86.Build.0 = Debug|x86
		{AB767BB8-7139-4DC3-ABDE-58FF82D06AFF}.Debug|x86.Deploy.0 = Debug|x86
		{AB767BB8-7139-4DC3-ABDE-58FF82D06AFF}.Release|Any CPU.ActiveCfg = Release|x64
		{AB767BB8-7139-4DC3-ABDE-58FF82D06AFF}.Release|Any CPU.Build.0 = Release|x64
		{AB767BB8-7139-4DC3-ABDE-58FF82D06AFF}.Release|ARM.ActiveCfg = Release|x64
		{AB767BB8-7139-4DC3-ABDE-58FF82D06AFF}.Release|ARM.Build.0 = Release|x64
		{AB767BB8-7139-4DC3-ABDE-58FF82D06AFF}.Release|ARM64.ActiveCfg = Release|ARM64
		{AB767BB8-7139-4DC3-ABDE-58FF82D06AFF}.Release|ARM64.Build.0 = Release|ARM64
		{AB767BB8-7139-4DC3-ABDE-58FF82D06AFF}.Release|ARM64.Deploy.0 = Release|ARM64
		{AB767BB8-7139-4DC3-ABDE-58FF82D06AFF}.Release|x64.ActiveCfg = Release|x64
		{AB767BB8-7139-4DC3-ABDE-58FF82D06AFF}.Release|x64.Build.0 = Release|x64
		{AB767BB8-7139-4DC3-ABDE-58FF82D06AFF}.Release|x64.Deploy.0 = Release|x64
		{AB767BB8-7139-4DC3-ABDE-58FF82D06AFF}.Release|x86.ActiveCfg = Release|x86
		{AB767BB8-7139-4DC3-ABDE-58FF82D06AFF}.Release|x86.Build.0 = Release|x86
		{AB767BB8-7139-4DC3-ABDE-58FF82D06AFF}.Release|x86.Deploy.0 = Release|x86
		{34350679-FB63-4B04-BA11-BD36B3E1B090}.Debug|Any CPU.ActiveCfg = Debug|Any CPU
		{34350679-FB63-4B04-BA11-BD36B3E1B090}.Debug|Any CPU.Build.0 = Debug|Any CPU
		{34350679-FB63-4B04-BA11-BD36B3E1B090}.Debug|ARM.ActiveCfg = Debug|Any CPU
		{34350679-FB63-4B04-BA11-BD36B3E1B090}.Debug|ARM.Build.0 = Debug|Any CPU
		{34350679-FB63-4B04-BA11-BD36B3E1B090}.Debug|ARM64.ActiveCfg = Debug|Any CPU
		{34350679-FB63-4B04-BA11-BD36B3E1B090}.Debug|ARM64.Build.0 = Debug|Any CPU
		{34350679-FB63-4B04-BA11-BD36B3E1B090}.Debug|x64.ActiveCfg = Debug|Any CPU
		{34350679-FB63-4B04-BA11-BD36B3E1B090}.Debug|x64.Build.0 = Debug|Any CPU
		{34350679-FB63-4B04-BA11-BD36B3E1B090}.Debug|x86.ActiveCfg = Debug|Any CPU
		{34350679-FB63-4B04-BA11-BD36B3E1B090}.Debug|x86.Build.0 = Debug|Any CPU
		{34350679-FB63-4B04-BA11-BD36B3E1B090}.Release|Any CPU.ActiveCfg = Release|Any CPU
		{34350679-FB63-4B04-BA11-BD36B3E1B090}.Release|Any CPU.Build.0 = Release|Any CPU
		{34350679-FB63-4B04-BA11-BD36B3E1B090}.Release|ARM.ActiveCfg = Release|Any CPU
		{34350679-FB63-4B04-BA11-BD36B3E1B090}.Release|ARM.Build.0 = Release|Any CPU
		{34350679-FB63-4B04-BA11-BD36B3E1B090}.Release|ARM64.ActiveCfg = Release|Any CPU
		{34350679-FB63-4B04-BA11-BD36B3E1B090}.Release|ARM64.Build.0 = Release|Any CPU
		{34350679-FB63-4B04-BA11-BD36B3E1B090}.Release|x64.ActiveCfg = Release|Any CPU
		{34350679-FB63-4B04-BA11-BD36B3E1B090}.Release|x64.Build.0 = Release|Any CPU
		{34350679-FB63-4B04-BA11-BD36B3E1B090}.Release|x86.ActiveCfg = Release|Any CPU
		{34350679-FB63-4B04-BA11-BD36B3E1B090}.Release|x86.Build.0 = Release|Any CPU
		{A252BF0F-6FA9-619A-3D51-BF02ADD3AF85}.Debug|Any CPU.ActiveCfg = Debug|Any CPU
		{A252BF0F-6FA9-619A-3D51-BF02ADD3AF85}.Debug|Any CPU.Build.0 = Debug|Any CPU
		{A252BF0F-6FA9-619A-3D51-BF02ADD3AF85}.Debug|ARM.ActiveCfg = Debug|Any CPU
		{A252BF0F-6FA9-619A-3D51-BF02ADD3AF85}.Debug|ARM.Build.0 = Debug|Any CPU
		{A252BF0F-6FA9-619A-3D51-BF02ADD3AF85}.Debug|ARM64.ActiveCfg = Debug|Any CPU
		{A252BF0F-6FA9-619A-3D51-BF02ADD3AF85}.Debug|ARM64.Build.0 = Debug|Any CPU
		{A252BF0F-6FA9-619A-3D51-BF02ADD3AF85}.Debug|x64.ActiveCfg = Debug|Any CPU
		{A252BF0F-6FA9-619A-3D51-BF02ADD3AF85}.Debug|x64.Build.0 = Debug|Any CPU
		{A252BF0F-6FA9-619A-3D51-BF02ADD3AF85}.Debug|x86.ActiveCfg = Debug|Any CPU
		{A252BF0F-6FA9-619A-3D51-BF02ADD3AF85}.Debug|x86.Build.0 = Debug|Any CPU
		{A252BF0F-6FA9-619A-3D51-BF02ADD3AF85}.Release|Any CPU.ActiveCfg = Release|Any CPU
		{A252BF0F-6FA9-619A-3D51-BF02ADD3AF85}.Release|Any CPU.Build.0 = Release|Any CPU
		{A252BF0F-6FA9-619A-3D51-BF02ADD3AF85}.Release|ARM.ActiveCfg = Release|Any CPU
		{A252BF0F-6FA9-619A-3D51-BF02ADD3AF85}.Release|ARM.Build.0 = Release|Any CPU
		{A252BF0F-6FA9-619A-3D51-BF02ADD3AF85}.Release|ARM64.ActiveCfg = Release|Any CPU
		{A252BF0F-6FA9-619A-3D51-BF02ADD3AF85}.Release|ARM64.Build.0 = Release|Any CPU
		{A252BF0F-6FA9-619A-3D51-BF02ADD3AF85}.Release|x64.ActiveCfg = Release|Any CPU
		{A252BF0F-6FA9-619A-3D51-BF02ADD3AF85}.Release|x64.Build.0 = Release|Any CPU
		{A252BF0F-6FA9-619A-3D51-BF02ADD3AF85}.Release|x86.ActiveCfg = Release|Any CPU
		{A252BF0F-6FA9-619A-3D51-BF02ADD3AF85}.Release|x86.Build.0 = Release|Any CPU
		{3E7569D2-5420-A8A1-4AB1-6A3474995EBA}.Debug|Any CPU.ActiveCfg = Debug|Any CPU
		{3E7569D2-5420-A8A1-4AB1-6A3474995EBA}.Debug|Any CPU.Build.0 = Debug|Any CPU
		{3E7569D2-5420-A8A1-4AB1-6A3474995EBA}.Debug|ARM.ActiveCfg = Debug|Any CPU
		{3E7569D2-5420-A8A1-4AB1-6A3474995EBA}.Debug|ARM.Build.0 = Debug|Any CPU
		{3E7569D2-5420-A8A1-4AB1-6A3474995EBA}.Debug|ARM64.ActiveCfg = Debug|Any CPU
		{3E7569D2-5420-A8A1-4AB1-6A3474995EBA}.Debug|ARM64.Build.0 = Debug|Any CPU
		{3E7569D2-5420-A8A1-4AB1-6A3474995EBA}.Debug|x64.ActiveCfg = Debug|Any CPU
		{3E7569D2-5420-A8A1-4AB1-6A3474995EBA}.Debug|x64.Build.0 = Debug|Any CPU
		{3E7569D2-5420-A8A1-4AB1-6A3474995EBA}.Debug|x86.ActiveCfg = Debug|Any CPU
		{3E7569D2-5420-A8A1-4AB1-6A3474995EBA}.Debug|x86.Build.0 = Debug|Any CPU
		{3E7569D2-5420-A8A1-4AB1-6A3474995EBA}.Release|Any CPU.ActiveCfg = Release|Any CPU
		{3E7569D2-5420-A8A1-4AB1-6A3474995EBA}.Release|Any CPU.Build.0 = Release|Any CPU
		{3E7569D2-5420-A8A1-4AB1-6A3474995EBA}.Release|ARM.ActiveCfg = Release|Any CPU
		{3E7569D2-5420-A8A1-4AB1-6A3474995EBA}.Release|ARM.Build.0 = Release|Any CPU
		{3E7569D2-5420-A8A1-4AB1-6A3474995EBA}.Release|ARM64.ActiveCfg = Release|Any CPU
		{3E7569D2-5420-A8A1-4AB1-6A3474995EBA}.Release|ARM64.Build.0 = Release|Any CPU
		{3E7569D2-5420-A8A1-4AB1-6A3474995EBA}.Release|x64.ActiveCfg = Release|Any CPU
		{3E7569D2-5420-A8A1-4AB1-6A3474995EBA}.Release|x64.Build.0 = Release|Any CPU
		{3E7569D2-5420-A8A1-4AB1-6A3474995EBA}.Release|x86.ActiveCfg = Release|Any CPU
		{3E7569D2-5420-A8A1-4AB1-6A3474995EBA}.Release|x86.Build.0 = Release|Any CPU
		{CE82E2EC-3C37-438E-AF05-9FAD38466382}.Debug|Any CPU.ActiveCfg = Debug|Any CPU
		{CE82E2EC-3C37-438E-AF05-9FAD38466382}.Debug|Any CPU.Build.0 = Debug|Any CPU
		{CE82E2EC-3C37-438E-AF05-9FAD38466382}.Debug|Any CPU.Deploy.0 = Debug|Any CPU
		{CE82E2EC-3C37-438E-AF05-9FAD38466382}.Debug|ARM.ActiveCfg = Debug|ARM
		{CE82E2EC-3C37-438E-AF05-9FAD38466382}.Debug|ARM.Build.0 = Debug|ARM
		{CE82E2EC-3C37-438E-AF05-9FAD38466382}.Debug|ARM.Deploy.0 = Debug|ARM
		{CE82E2EC-3C37-438E-AF05-9FAD38466382}.Debug|ARM64.ActiveCfg = Debug|ARM64
		{CE82E2EC-3C37-438E-AF05-9FAD38466382}.Debug|ARM64.Build.0 = Debug|ARM64
		{CE82E2EC-3C37-438E-AF05-9FAD38466382}.Debug|ARM64.Deploy.0 = Debug|ARM64
		{CE82E2EC-3C37-438E-AF05-9FAD38466382}.Debug|x64.ActiveCfg = Debug|x64
		{CE82E2EC-3C37-438E-AF05-9FAD38466382}.Debug|x64.Build.0 = Debug|x64
		{CE82E2EC-3C37-438E-AF05-9FAD38466382}.Debug|x64.Deploy.0 = Debug|x64
		{CE82E2EC-3C37-438E-AF05-9FAD38466382}.Debug|x86.ActiveCfg = Debug|x86
		{CE82E2EC-3C37-438E-AF05-9FAD38466382}.Debug|x86.Build.0 = Debug|x86
		{CE82E2EC-3C37-438E-AF05-9FAD38466382}.Debug|x86.Deploy.0 = Debug|x86
		{CE82E2EC-3C37-438E-AF05-9FAD38466382}.Release|Any CPU.ActiveCfg = Release|Any CPU
		{CE82E2EC-3C37-438E-AF05-9FAD38466382}.Release|Any CPU.Build.0 = Release|Any CPU
		{CE82E2EC-3C37-438E-AF05-9FAD38466382}.Release|Any CPU.Deploy.0 = Release|Any CPU
		{CE82E2EC-3C37-438E-AF05-9FAD38466382}.Release|ARM.ActiveCfg = Release|ARM
		{CE82E2EC-3C37-438E-AF05-9FAD38466382}.Release|ARM.Build.0 = Release|ARM
		{CE82E2EC-3C37-438E-AF05-9FAD38466382}.Release|ARM.Deploy.0 = Release|ARM
		{CE82E2EC-3C37-438E-AF05-9FAD38466382}.Release|ARM64.ActiveCfg = Release|ARM64
		{CE82E2EC-3C37-438E-AF05-9FAD38466382}.Release|ARM64.Build.0 = Release|ARM64
		{CE82E2EC-3C37-438E-AF05-9FAD38466382}.Release|ARM64.Deploy.0 = Release|ARM64
		{CE82E2EC-3C37-438E-AF05-9FAD38466382}.Release|x64.ActiveCfg = Release|x64
		{CE82E2EC-3C37-438E-AF05-9FAD38466382}.Release|x64.Build.0 = Release|x64
		{CE82E2EC-3C37-438E-AF05-9FAD38466382}.Release|x64.Deploy.0 = Release|x64
		{CE82E2EC-3C37-438E-AF05-9FAD38466382}.Release|x86.ActiveCfg = Release|x86
		{CE82E2EC-3C37-438E-AF05-9FAD38466382}.Release|x86.Build.0 = Release|x86
		{CE82E2EC-3C37-438E-AF05-9FAD38466382}.Release|x86.Deploy.0 = Release|x86
	EndGlobalSection
	GlobalSection(SolutionProperties) = preSolution
		HideSolutionNode = FALSE
	EndGlobalSection
	GlobalSection(NestedProjects) = preSolution
		{3E7569D2-5420-A8A1-4AB1-6A3474995EBA} = {02EA681E-C7D8-13C7-8484-4AC65E1B71E8}
	EndGlobalSection
	GlobalSection(ExtensibilityGlobals) = postSolution
		SolutionGuid = {8DA9E508-CD1B-414D-B1E8-219C52F6DE36}
	EndGlobalSection
EndGlobal
