
Microsoft Visual Studio Solution File, Format Version 12.00
# Visual Studio Version 17
VisualStudioVersion = 17.14.36203.30
MinimumVisualStudioVersion = 10.0.40219.1
Project("{FAE04EC0-301F-11D3-BF4B-00C04F79EFBC}") = "BedrockBoot", "BedrockBoot\BedrockBoot.csproj", "{AB767BB8-7139-4DC3-ABDE-58FF82D06AFF}"
EndProject
Global
	GlobalSection(SolutionConfigurationPlatforms) = preSolution
		Debug|ARM64 = Debug|ARM64
		Debug|x64 = Debug|x64
		Debug|x86 = Debug|x86
		Release|ARM64 = Release|ARM64
		Release|x64 = Release|x64
		Release|x86 = Release|x86
	EndGlobalSection
	GlobalSection(ProjectConfigurationPlatforms) = postSolution
		{AB767BB8-7139-4DC3-ABDE-58FF82D06AFF}.Debug|ARM64.ActiveCfg = Debug|ARM64
		{AB767BB8-7139-4DC3-ABDE-58FF82D06AFF}.Debug|ARM64.Build.0 = Debug|ARM64
		{AB767BB8-7139-4DC3-ABDE-58FF82D06AFF}.Debug|ARM64.Deploy.0 = Debug|ARM64
		{AB767BB8-7139-4DC3-ABDE-58FF82D06AFF}.Debug|x64.ActiveCfg = Debug|x64
		{AB767BB8-7139-4DC3-ABDE-58FF82D06AFF}.Debug|x64.Build.0 = Debug|x64
		{AB767BB8-7139-4DC3-ABDE-58FF82D06AFF}.Debug|x64.Deploy.0 = Debug|x64
		{AB767BB8-7139-4DC3-ABDE-58FF82D06AFF}.Debug|x86.ActiveCfg = Debug|x86
		{AB767BB8-7139-4DC3-ABDE-58FF82D06AFF}.Debug|x86.Build.0 = Debug|x86
		{AB767BB8-7139-4DC3-ABDE-58FF82D06AFF}.Debug|x86.Deploy.0 = Debug|x86
		{AB767BB8-7139-4DC3-ABDE-58FF82D06AFF}.Release|ARM64.ActiveCfg = Release|ARM64
		{AB767BB8-7139-4DC3-ABDE-58FF82D06AFF}.Release|ARM64.Build.0 = Release|ARM64
		{AB767BB8-7139-4DC3-ABDE-58FF82D06AFF}.Release|ARM64.Deploy.0 = Release|ARM64
		{AB767BB8-7139-4DC3-ABDE-58FF82D06AFF}.Release|x64.ActiveCfg = Release|x64
		{AB767BB8-7139-4DC3-ABDE-58FF82D06AFF}.Release|x64.Build.0 = Release|x64
		{AB767BB8-7139-4DC3-ABDE-58FF82D06AFF}.Release|x64.Deploy.0 = Release|x64
		{AB767BB8-7139-4DC3-ABDE-58FF82D06AFF}.Release|x86.ActiveCfg = Release|x86
		{AB767BB8-7139-4DC3-ABDE-58FF82D06AFF}.Release|x86.Build.0 = Release|x86
		{AB767BB8-7139-4DC3-ABDE-58FF82D06AFF}.Release|x86.Deploy.0 = Release|x86
	EndGlobalSection
	GlobalSection(SolutionProperties) = preSolution
		HideSolutionNode = FALSE
	EndGlobalSection
	GlobalSection(ExtensibilityGlobals) = postSolution
		SolutionGuid = {8DA9E508-CD1B-414D-B1E8-219C52F6DE36}
	EndGlobalSection
EndGlobal
